%{
  "bunt": {:hex, :bunt, "0.2.1", "e2d4792f7bc0ced7583ab54922808919518d0e57ee162901a16a1b6664ef3b14", [:mix], [], "hexpm", "a330bfb4245239787b15005e66ae6845c9cd524a288f0d141c148b02603777a5"},
  "cldr_utils": {:hex, :cldr_utils, "2.24.1", "5ff8c8c55f96666228827bcf85a23d632022def200566346545d01d15e4c30dc", [:mix], [{:castore, "~> 0.1 or ~> 1.0", [hex: :castore, repo: "hexpm", optional: true]}, {:certifi, "~> 2.5", [hex: :certifi, repo: "hexpm", optional: true]}, {:decimal, "~> 1.9 or ~> 2.0", [hex: :decimal, repo: "hexpm", optional: false]}], "hexpm", "1820300531b5b849d0bc468e5a87cd64f8f2c5191916f548cbe69b2efc203780"},
  "credo": {:hex, :credo, "1.7.0", "6119bee47272e85995598ee04f2ebbed3e947678dee048d10b5feca139435f75", [:mix], [{:bunt, "~> 0.2.1", [hex: :bunt, repo: "hexpm", optional: false]}, {:file_system, "~> 0.2.8", [hex: :file_system, repo: "hexpm", optional: false]}, {:jason, "~> 1.0", [hex: :jason, repo: "hexpm", optional: false]}], "hexpm", "6839fcf63d1f0d1c0f450abc8564a57c43d644077ab96f2934563e68b8a769d7"},
  "decimal": {:hex, :decimal, "2.1.1", "5611dca5d4b2c3dd497dec8f68751f1f1a54755e8ed2a966c2633cf885973ad6", [:mix], [], "hexpm", "53cfe5f497ed0e7771ae1a475575603d77425099ba5faef9394932b35020ffcc"},
  "dialyxir": {:hex, :dialyxir, "1.4.1", "a22ed1e7bd3a3e3f197b68d806ef66acb61ee8f57b3ac85fc5d57354c5482a93", [:mix], [{:erlex, ">= 0.2.6", [hex: :erlex, repo: "hexpm", optional: false]}], "hexpm", "84b795d6d7796297cca5a3118444b80c7d94f7ce247d49886e7c291e1ae49801"},
  "digital_token": {:hex, :digital_token, "0.6.0", "13e6de581f0b1f6c686f7c7d12ab11a84a7b22fa79adeb4b50eec1a2d278d258", [:mix], [{:cldr_utils, "~> 2.17", [hex: :cldr_utils, repo: "hexpm", optional: false]}, {:jason, "~> 1.0", [hex: :jason, repo: "hexpm", optional: true]}], "hexpm", "2455d626e7c61a128b02a4a8caddb092548c3eb613ac6f6a85e4cbb6caddc4d1"},
  "earmark_parser": {:hex, :earmark_parser, "1.4.33", "3c3fd9673bb5dcc9edc28dd90f50c87ce506d1f71b70e3de69aa8154bc695d44", [:mix], [], "hexpm", "2d526833729b59b9fdb85785078697c72ac5e5066350663e5be6a1182da61b8f"},
  "erlex": {:hex, :erlex, "0.2.6", "c7987d15e899c7a2f34f5420d2a2ea0d659682c06ac607572df55a43753aa12e", [:mix], [], "hexpm", "2ed2e25711feb44d52b17d2780eabf998452f6efda104877a3881c2f8c0c0c75"},
  "ex_cldr": {:hex, :ex_cldr, "2.37.2", "c45041534ec60af367c4c1af02a608576118044fe3c441c782fd424061d6b517", [:mix], [{:cldr_utils, "~> 2.21", [hex: :cldr_utils, repo: "hexpm", optional: false]}, {:decimal, "~> 1.6 or ~> 2.0", [hex: :decimal, repo: "hexpm", optional: false]}, {:gettext, "~> 0.19", [hex: :gettext, repo: "hexpm", optional: true]}, {:jason, "~> 1.0", [hex: :jason, repo: "hexpm", optional: true]}, {:nimble_parsec, "~> 0.5 or ~> 1.0", [hex: :nimble_parsec, repo: "hexpm", optional: true]}], "hexpm", "c8467b1d5080716ace6621703b6656cb2f9545572a54b341da900791a0cf92ba"},
  "ex_cldr_calendars": {:hex, :ex_cldr_calendars, "1.22.1", "3e5150f1fe7698e0fa118aeedcca1b5920d0a552bc40c81cf65ca9b0a4ea4cc3", [:mix], [{:calendar_interval, "~> 0.2", [hex: :calendar_interval, repo: "hexpm", optional: true]}, {:ex_cldr_lists, "~> 2.10", [hex: :ex_cldr_lists, repo: "hexpm", optional: true]}, {:ex_cldr_numbers, "~> 2.31", [hex: :ex_cldr_numbers, repo: "hexpm", optional: false]}, {:ex_cldr_units, "~> 3.16", [hex: :ex_cldr_units, repo: "hexpm", optional: true]}, {:ex_doc, "~> 0.21", [hex: :ex_doc, repo: "hexpm", optional: true]}, {:jason, "~> 1.0", [hex: :jason, repo: "hexpm", optional: false]}], "hexpm", "e7408cd9e8318b2ef93b76728e84484ddc3ea6d7c894fbc811c54122a7140169"},
  "ex_cldr_calendars_coptic": {:hex, :ex_cldr_calendars_coptic, "0.4.0", "bf870e89abd9758d49b91a3525f205a68afe1bfe55d6f1ecf3cef75719f68b1a", [:mix], [{:ex_cldr_calendars, "~> 1.6", [hex: :ex_cldr_calendars, repo: "hexpm", optional: false]}], "hexpm", "0d406b342b5fba323744b97333ff0bc6171f45452bb0707fbe07430d96a31dd6"},
  "ex_cldr_currencies": {:hex, :ex_cldr_currencies, "2.15.0", "aadd34e91cfac7ef6b03fe8f47f8c6fa8c5daf3f89b5d9fee64ec545ded839cf", [:mix], [{:ex_cldr, "~> 2.34", [hex: :ex_cldr, repo: "hexpm", optional: false]}, {:jason, "~> 1.0", [hex: :jason, repo: "hexpm", optional: true]}], "hexpm", "0521316396c66877a2d636219767560bb2397c583341fcb154ecf9f3000e6ff8"},
  "ex_cldr_numbers": {:hex, :ex_cldr_numbers, "2.32.0", "9abfb0aa9964cb797b5b1c5b55bc773fdff3192a667259a538dd25edb60d44ce", [:mix], [{:decimal, "~> 1.6 or ~> 2.0", [hex: :decimal, repo: "hexpm", optional: false]}, {:digital_token, "~> 0.3 or ~> 1.0", [hex: :digital_token, repo: "hexpm", optional: false]}, {:ex_cldr, "~> 2.37", [hex: :ex_cldr, repo: "hexpm", optional: false]}, {:ex_cldr_currencies, ">= 2.14.2", [hex: :ex_cldr_currencies, repo: "hexpm", optional: false]}, {:jason, "~> 1.0", [hex: :jason, repo: "hexpm", optional: true]}], "hexpm", "08c43c26b8605b56b5856bb9277d2a0282f2e29b43c57dfbfd7bf9c28b4a504a"},
  "ex_doc": {:hex, :ex_doc, "0.30.6", "5f8b54854b240a2b55c9734c4b1d0dd7bdd41f71a095d42a70445c03cf05a281", [:mix], [{:earmark_parser, "~> 1.4.31", [hex: :earmark_parser, repo: "hexpm", optional: false]}, {:makeup_elixir, "~> 0.14", [hex: :makeup_elixir, repo: "hexpm", optional: false]}, {:makeup_erlang, "~> 0.1", [hex: :makeup_erlang, repo: "hexpm", optional: false]}], "hexpm", "bd48f2ddacf4e482c727f9293d9498e0881597eae6ddc3d9562bd7923375109f"},
  "excoveralls": {:hex, :excoveralls, "0.17.1", "83fa7906ef23aa7fc8ad7ee469c357a63b1b3d55dd701ff5b9ce1f72442b2874", [:mix], [{:castore, "~> 1.0", [hex: :castore, repo: "hexpm", optional: true]}, {:jason, "~> 1.0", [hex: :jason, repo: "hexpm", optional: false]}], "hexpm", "95bc6fda953e84c60f14da4a198880336205464e75383ec0f570180567985ae0"},
  "file_system": {:hex, :file_system, "0.2.10", "fb082005a9cd1711c05b5248710f8826b02d7d1784e7c3451f9c1231d4fc162d", [:mix], [], "hexpm", "41195edbfb562a593726eda3b3e8b103a309b733ad25f3d642ba49696bf715dc"},
  "glob_ex": {:hex, :glob_ex, "0.1.4", "fc69cb3f6df9138a1e36e9aa041ef2eab0d4dfe916331425f6bac290d1977e79", [:mix], [], "hexpm", "583d35559dc5b17f14612f7153aaaf6dcc13edf2e383126e2dfb5f2d19c78b89"},
  "jason": {:hex, :jason, "1.4.1", "af1504e35f629ddcdd6addb3513c3853991f694921b1b9368b0bd32beb9f1b63", [:mix], [{:decimal, "~> 1.0 or ~> 2.0", [hex: :decimal, repo: "hexpm", optional: true]}], "hexpm", "fbb01ecdfd565b56261302f7e1fcc27c4fb8f32d56eab74db621fc154604a7a1"},
  "makeup": {:hex, :makeup, "1.1.0", "6b67c8bc2882a6b6a445859952a602afc1a41c2e08379ca057c0f525366fc3ca", [:mix], [{:nimble_parsec, "~> 1.2.2 or ~> 1.3", [hex: :nimble_parsec, repo: "hexpm", optional: false]}], "hexpm", "0a45ed501f4a8897f580eabf99a2e5234ea3e75a4373c8a52824f6e873be57a6"},
  "makeup_elixir": {:hex, :makeup_elixir, "0.16.1", "cc9e3ca312f1cfeccc572b37a09980287e243648108384b97ff2b76e505c3555", [:mix], [{:makeup, "~> 1.0", [hex: :makeup, repo: "hexpm", optional: false]}, {:nimble_parsec, "~> 1.2.3 or ~> 1.3", [hex: :nimble_parsec, repo: "hexpm", optional: false]}], "hexpm", "e127a341ad1b209bd80f7bd1620a15693a9908ed780c3b763bccf7d200c767c6"},
  "makeup_erlang": {:hex, :makeup_erlang, "0.1.2", "ad87296a092a46e03b7e9b0be7631ddcf64c790fa68a9ef5323b6cbb36affc72", [:mix], [{:makeup, "~> 1.0", [hex: :makeup, repo: "hexpm", optional: false]}], "hexpm", "f3f5a1ca93ce6e092d92b6d9c049bcda58a3b617a8d888f8e7231c85630e8108"},
  "nimble_parsec": {:hex, :nimble_parsec, "1.3.1", "2c54013ecf170e249e9291ed0a62e5832f70a476c61da16f6aac6dca0189f2af", [:mix], [], "hexpm", "2682e3c0b2eb58d90c6375fc0cc30bc7be06f365bf72608804fb9cffa5e1b167"},
  "prove": {:hex, :prove, "0.1.4", "a251082fd1b349e8f94d1012850cf88d5f0d8e040494b12ffabb5dad73d6f452", [:mix], [], "hexpm", "b9f982f1155b6ad224ca508126639b8272751e9c31f99c2b2271c60a71f8dbad"},
  "recode": {:hex, :recode, "0.6.2", "df4269d2a847a3f5afbc530c2994757f7c89dac38b392bddfec51c5f01a8ae94", [:mix], [{:bunt, "~> 0.2", [hex: :bunt, repo: "hexpm", optional: false]}, {:glob_ex, "~> 0.1", [hex: :glob_ex, repo: "hexpm", optional: false]}, {:rewrite, "~> 0.8", [hex: :rewrite, repo: "hexpm", optional: false]}], "hexpm", "3354ada13fbfb169b34b553c558caf9acd9d37d4a88d6733c29d0e9d061d1477"},
  "rewrite": {:hex, :rewrite, "0.8.0", "31799e7a1f74cc0e3c3a18879d1cf3df4c4120560c621960b1784c40a081c1b8", [:mix], [{:glob_ex, "~> 0.1", [hex: :glob_ex, repo: "hexpm", optional: false]}, {:sourceror, "~> 0.13", [hex: :sourceror, repo: "hexpm", optional: false]}], "hexpm", "200df550432f0f1029d9dd28bc1578db032a61e71ea629b14d7ef5b97a6a8205"},
  "sourceror": {:hex, :sourceror, "0.13.0", "c6ecc96ee3ae0e042e9082a9550a1989ea40182492dc29024a8d9d2b136e5014", [:mix], [], "hexpm", "d0a819491061cd26bfa4450d1c84301a410c19c1782a6577ce15853fc0e7e4e1"},
}
